
Microsoft Visual Studio Solution File, Format Version 12.00
# Visual Studio 15
VisualStudioVersion = 15.0.28010.2050
MinimumVisualStudioVersion = 10.0.40219.1
Project("{9A19103F-16F7-4668-BE54-9A1E7A4F7556}") = "SlackDeleterWeb", "SlackDeleterWeb\SlackDeleterWeb.csproj", "{7BAC84D9-3739-47A1-9226-486A647ED2EE}"
EndProject
Project("{FAE04EC0-301F-11D3-BF4B-00C04F79EFBC}") = "SlackDeleterUnitTests", "SlackDeleterUnitTests\SlackDeleterUnitTests.csproj", "{32288848-CBF1-4CCD-9FDD-CDC1B778415A}"
EndProject
Global
	GlobalSection(SolutionConfigurationPlatforms) = preSolution
		Debug|Any CPU = Debug|Any CPU
		Release|Any CPU = Release|Any CPU
	EndGlobalSection
	GlobalSection(ProjectConfigurationPlatforms) = postSolution
		{7BAC84D9-3739-47A1-9226-486A647ED2EE}.Debug|Any CPU.ActiveCfg = Debug|Any CPU
		{7BAC84D9-3739-47A1-9226-486A647ED2EE}.Debug|Any CPU.Build.0 = Debug|Any CPU
		{7BAC84D9-3739-47A1-9226-486A647ED2EE}.Release|Any CPU.ActiveCfg = Release|Any CPU
		{7BAC84D9-3739-47A1-9226-486A647ED2EE}.Release|Any CPU.Build.0 = Release|Any CPU
		{32288848-CBF1-4CCD-9FDD-CDC1B778415A}.Debug|Any CPU.ActiveCfg = Debug|Any CPU
		{32288848-CBF1-4CCD-9FDD-CDC1B778415A}.Debug|Any CPU.Build.0 = Debug|Any CPU
		{32288848-CBF1-4CCD-9FDD-CDC1B778415A}.Release|Any CPU.ActiveCfg = Release|Any CPU
		{32288848-CBF1-4CCD-9FDD-CDC1B778415A}.Release|Any CPU.Build.0 = Release|Any CPU
	EndGlobalSection
	GlobalSection(SolutionProperties) = preSolution
		HideSolutionNode = FALSE
	EndGlobalSection
	GlobalSection(ExtensibilityGlobals) = postSolution
		SolutionGuid = {4AAECA7C-8824-4E93-AC15-7B663FA943BD}
	EndGlobalSection
EndGlobal
